{
  "name": "appartement-le-tolstoi",
  "version": "1.0.0",
  "lockfileVersion": 1,
  "requires": true,
  "dependencies": {
    "css3-reset": {
      "version": "1.0.1",
      "resolved": "https://registry.npmjs.org/css3-reset/-/css3-reset-1.0.1.tgz",
      "integrity": "sha512-e5cmz+Fyx17YCUHZeKT2D2J4YG33wggrW/HyxLnMxENuwCAuRJ6cnzC6yGsfoiDFQ13dxzTOVL9IEnkKuSTwIA=="
    }
  }
}
